
Microsoft Visual Studio Solution File, Format Version 12.00
# Visual Studio Version 17
VisualStudioVersion = 17.11.35208.52
MinimumVisualStudioVersion = 10.0.40219.1
Project("{FAE04EC0-301F-11D3-BF4B-00C04F79EFBC}") = "UserApp", "UserApp\UserApp.csproj", "{EEDECAC2-5066-47A5-B4B9-EE4C6EB0FEFF}"
EndProject
Global
	GlobalSection(SolutionConfigurationPlatforms) = preSolution
		Debug|Any CPU = Debug|Any CPU
		Release|Any CPU = Release|Any CPU
	EndGlobalSection
	GlobalSection(ProjectConfigurationPlatforms) = postSolution
		{EEDECAC2-5066-47A5-B4B9-EE4C6EB0FEFF}.Debug|Any CPU.ActiveCfg = Debug|Any CPU
		{EEDECAC2-5066-47A5-B4B9-EE4C6EB0FEFF}.Debug|Any CPU.Build.0 = Debug|Any CPU
		{EEDECAC2-5066-47A5-B4B9-EE4C6EB0FEFF}.Release|Any CPU.ActiveCfg = Release|Any CPU
		{EEDECAC2-5066-47A5-B4B9-EE4C6EB0FEFF}.Release|Any CPU.Build.0 = Release|Any CPU
	EndGlobalSection
	GlobalSection(SolutionProperties) = preSolution
		HideSolutionNode = FALSE
	EndGlobalSection
	GlobalSection(ExtensibilityGlobals) = postSolution
		SolutionGuid = {1E495A5E-A660-484D-9BEC-D413925B61BE}
	EndGlobalSection
EndGlobal
